
Microsoft Visual Studio Solution File, Format Version 12.00
# Visual Studio Version 17
VisualStudioVersion = 17.4.33213.308
MinimumVisualStudioVersion = 10.0.40219.1
Project("{FAE04EC0-301F-11D3-BF4B-00C04F79EFBC}") = "NZWalks.API", "NZWalks.API\NZWalks.API.csproj", "{2CE47ED1-9483-4ADF-9756-DBEA06314BAB}"
EndProject
Global
	GlobalSection(SolutionConfigurationPlatforms) = preSolution
		Debug|Any CPU = Debug|Any CPU
		Release|Any CPU = Release|Any CPU
	EndGlobalSection
	GlobalSection(ProjectConfigurationPlatforms) = postSolution
		{2CE47ED1-9483-4ADF-9756-DBEA06314BAB}.Debug|Any CPU.ActiveCfg = Debug|Any CPU
		{2CE47ED1-9483-4ADF-9756-DBEA06314BAB}.Debug|Any CPU.Build.0 = Debug|Any CPU
		{2CE47ED1-9483-4ADF-9756-DBEA06314BAB}.Release|Any CPU.ActiveCfg = Release|Any CPU
		{2CE47ED1-9483-4ADF-9756-DBEA06314BAB}.Release|Any CPU.Build.0 = Release|Any CPU
	EndGlobalSection
	GlobalSection(SolutionProperties) = preSolution
		HideSolutionNode = FALSE
	EndGlobalSection
	GlobalSection(ExtensibilityGlobals) = postSolution
		SolutionGuid = {E7694AF9-173D-4340-8EDF-CFDBEEA5BF98}
	EndGlobalSection
EndGlobal
